
Microsoft Visual Studio Solution File, Format Version 12.00
# Visual Studio 2012
VisualStudioVersion = 12.0.31101.0
MinimumVisualStudioVersion = 10.0.40219.1
Project("{2150E333-8FDC-42A3-9474-1A3956D46DE8}") = ".Common", ".Common", "{E950E9B4-0546-4D84-A7CC-F17474D230CC}"
	ProjectSection(SolutionItems) = preProject
		CommonAssemblyInfo.cs = CommonAssemblyInfo.cs
		license.txt = license.txt
		nuspec\nuget.exe = nuspec\nuget.exe
		nuspec\pack.cmd = nuspec\pack.cmd
		readme.md = readme.md
	EndProjectSection
EndProject
Project("{D954291E-2A0B-460D-934E-DC6B0785DB48}") = "Shared Utils", "Shared Utils\Shared Utils.shproj", "{4E641FA5-48D3-44C3-8EBF-6161FBFB784B}"
EndProject
Project("{2150E333-8FDC-42A3-9474-1A3956D46DE8}") = "User Dialogs", "User Dialogs", "{402AAF82-296F-4C93-8662-F3BB5185AB91}"
	ProjectSection(SolutionItems) = preProject
		nuspec\Acr.XamForms.UserDialogs.nuspec = nuspec\Acr.XamForms.UserDialogs.nuspec
		nuspec\Bootstrap\UserDialogsBootstrap.cs.pp = nuspec\Bootstrap\UserDialogsBootstrap.cs.pp
	EndProjectSection
EndProject
Project("{FAE04EC0-301F-11D3-BF4B-00C04F79EFBC}") = "Acr.XamForms.UserDialogs", "Acr.XamForms.UserDialogs\Acr.XamForms.UserDialogs.csproj", "{FB69B463-0DD5-49D2-AFED-6E3A31EB37A1}"
EndProject
Project("{FAE04EC0-301F-11D3-BF4B-00C04F79EFBC}") = "Acr.XamForms.UserDialogs.Droid", "Acr.XamForms.UserDialogs.Droid\Acr.XamForms.UserDialogs.Droid.csproj", "{F68A14AB-0965-4582-9399-F22F5C4CEB15}"
EndProject
Project("{FAE04EC0-301F-11D3-BF4B-00C04F79EFBC}") = "Acr.XamForms.UserDialogs.iOS", "Acr.XamForms.UserDialogs.iOS\Acr.XamForms.UserDialogs.iOS.csproj", "{290F8977-F101-4BD8-8A29-19C78B4EBC23}"
EndProject
Project("{FAE04EC0-301F-11D3-BF4B-00C04F79EFBC}") = "Acr.XamForms.UserDialogs.WindowsPhone", "Acr.XamForms.UserDialogs.WindowsPhone\Acr.XamForms.UserDialogs.WindowsPhone.csproj", "{732D3A68-83F1-4CC0-97CB-AB5095998D70}"
EndProject
Project("{2150E333-8FDC-42A3-9474-1A3956D46DE8}") = "Mobile Services", "Mobile Services", "{98DD5441-283D-4D48-AFD1-0522524F20C7}"
	ProjectSection(SolutionItems) = preProject
		nuspec\Acr.XamForms.Mobile.nuspec = nuspec\Acr.XamForms.Mobile.nuspec
		nuspec\Bootstrap\MobileBootstrap.cs.pp = nuspec\Bootstrap\MobileBootstrap.cs.pp
	EndProjectSection
EndProject
Project("{FAE04EC0-301F-11D3-BF4B-00C04F79EFBC}") = "Acr.XamForms.Mobile", "Acr.XamForms.Mobile\Acr.XamForms.Mobile.csproj", "{67F9D3A8-F71E-4428-913F-C37AE82CDB24}"
EndProject
Project("{FAE04EC0-301F-11D3-BF4B-00C04F79EFBC}") = "Acr.XamForms.Mobile.WindowsPhone", "Acr.XamForms.Mobile.WindowsPhone\Acr.XamForms.Mobile.WindowsPhone.csproj", "{D7098843-29D9-4AA9-9B11-C2D938E1AE89}"
EndProject
Project("{FAE04EC0-301F-11D3-BF4B-00C04F79EFBC}") = "Acr.XamForms.Mobile.iOS", "Acr.XamForms.Mobile.iOS\Acr.XamForms.Mobile.iOS.csproj", "{A2908B9C-D5D0-4715-851D-3EB81AB2E452}"
EndProject
Project("{FAE04EC0-301F-11D3-BF4B-00C04F79EFBC}") = "Acr.XamForms.Mobile.Droid", "Acr.XamForms.Mobile.Droid\Acr.XamForms.Mobile.Droid.csproj", "{07658008-EB02-4C74-B798-0B8ED2BECA6D}"
EndProject
Project("{D954291E-2A0B-460D-934E-DC6B0785DB48}") = "Acr.XamForms.Mobile.Shared", "Acr.XamForms.Mobile.Shared\Acr.XamForms.Mobile.Shared.shproj", "{1C973CC4-86F0-4798-B128-55FAE3AAD9E5}"
EndProject
Project("{2150E333-8FDC-42A3-9474-1A3956D46DE8}") = "Core", "Core", "{7AF68AE5-21E1-4618-BEF5-719BD52768F4}"
	ProjectSection(SolutionItems) = preProject
		nuspec\Acr.XamForms.nuspec = nuspec\Acr.XamForms.nuspec
	EndProjectSection
EndProject
Project("{FAE04EC0-301F-11D3-BF4B-00C04F79EFBC}") = "Acr.XamForms", "Acr.XamForms\Acr.XamForms.csproj", "{85E3C63B-A17E-46EF-87CE-9A8E58FEDE4D}"
EndProject
Global
	GlobalSection(SolutionConfigurationPlatforms) = preSolution
		Ad-Hoc|Any CPU = Ad-Hoc|Any CPU
		Ad-Hoc|ARM = Ad-Hoc|ARM
		Ad-Hoc|iPhone = Ad-Hoc|iPhone
		Ad-Hoc|iPhoneSimulator = Ad-Hoc|iPhoneSimulator
		Ad-Hoc|Mixed Platforms = Ad-Hoc|Mixed Platforms
		Ad-Hoc|x86 = Ad-Hoc|x86
		AppStore|Any CPU = AppStore|Any CPU
		AppStore|ARM = AppStore|ARM
		AppStore|iPhone = AppStore|iPhone
		AppStore|iPhoneSimulator = AppStore|iPhoneSimulator
		AppStore|Mixed Platforms = AppStore|Mixed Platforms
		AppStore|x86 = AppStore|x86
		Debug|Any CPU = Debug|Any CPU
		Debug|ARM = Debug|ARM
		Debug|iPhone = Debug|iPhone
		Debug|iPhoneSimulator = Debug|iPhoneSimulator
		Debug|Mixed Platforms = Debug|Mixed Platforms
		Debug|x86 = Debug|x86
		Release|Any CPU = Release|Any CPU
		Release|ARM = Release|ARM
		Release|iPhone = Release|iPhone
		Release|iPhoneSimulator = Release|iPhoneSimulator
		Release|Mixed Platforms = Release|Mixed Platforms
		Release|x86 = Release|x86
	EndGlobalSection
	GlobalSection(ProjectConfigurationPlatforms) = postSolution
		{07658008-EB02-4C74-B798-0B8ED2BECA6D}.Ad-Hoc|Any CPU.ActiveCfg = Release|Any CPU
		{07658008-EB02-4C74-B798-0B8ED2BECA6D}.Ad-Hoc|Any CPU.Build.0 = Release|Any CPU
		{07658008-EB02-4C74-B798-0B8ED2BECA6D}.Ad-Hoc|ARM.ActiveCfg = Release|Any CPU
		{07658008-EB02-4C74-B798-0B8ED2BECA6D}.Ad-Hoc|iPhone.ActiveCfg = Release|Any CPU
		{07658008-EB02-4C74-B798-0B8ED2BECA6D}.Ad-Hoc|iPhoneSimulator.ActiveCfg = Release|Any CPU
		{07658008-EB02-4C74-B798-0B8ED2BECA6D}.Ad-Hoc|Mixed Platforms.ActiveCfg = Release|Any CPU
		{07658008-EB02-4C74-B798-0B8ED2BECA6D}.Ad-Hoc|Mixed Platforms.Build.0 = Release|Any CPU
		{07658008-EB02-4C74-B798-0B8ED2BECA6D}.Ad-Hoc|x86.ActiveCfg = Release|Any CPU
		{07658008-EB02-4C74-B798-0B8ED2BECA6D}.AppStore|Any CPU.ActiveCfg = Release|Any CPU
		{07658008-EB02-4C74-B798-0B8ED2BECA6D}.AppStore|Any CPU.Build.0 = Release|Any CPU
		{07658008-EB02-4C74-B798-0B8ED2BECA6D}.AppStore|ARM.ActiveCfg = Release|Any CPU
		{07658008-EB02-4C74-B798-0B8ED2BECA6D}.AppStore|iPhone.ActiveCfg = Release|Any CPU
		{07658008-EB02-4C74-B798-0B8ED2BECA6D}.AppStore|iPhoneSimulator.ActiveCfg = Release|Any CPU
		{07658008-EB02-4C74-B798-0B8ED2BECA6D}.AppStore|Mixed Platforms.ActiveCfg = Release|Any CPU
		{07658008-EB02-4C74-B798-0B8ED2BECA6D}.AppStore|Mixed Platforms.Build.0 = Release|Any CPU
		{07658008-EB02-4C74-B798-0B8ED2BECA6D}.AppStore|x86.ActiveCfg = Release|Any CPU
		{07658008-EB02-4C74-B798-0B8ED2BECA6D}.Debug|Any CPU.ActiveCfg = Debug|Any CPU
		{07658008-EB02-4C74-B798-0B8ED2BECA6D}.Debug|Any CPU.Build.0 = Debug|Any CPU
		{07658008-EB02-4C74-B798-0B8ED2BECA6D}.Debug|ARM.ActiveCfg = Debug|Any CPU
		{07658008-EB02-4C74-B798-0B8ED2BECA6D}.Debug|ARM.Build.0 = Debug|Any CPU
		{07658008-EB02-4C74-B798-0B8ED2BECA6D}.Debug|iPhone.ActiveCfg = Debug|Any CPU
		{07658008-EB02-4C74-B798-0B8ED2BECA6D}.Debug|iPhoneSimulator.ActiveCfg = Debug|Any CPU
		{07658008-EB02-4C74-B798-0B8ED2BECA6D}.Debug|Mixed Platforms.ActiveCfg = Debug|Any CPU
		{07658008-EB02-4C74-B798-0B8ED2BECA6D}.Debug|Mixed Platforms.Build.0 = Debug|Any CPU
		{07658008-EB02-4C74-B798-0B8ED2BECA6D}.Debug|x86.ActiveCfg = Debug|Any CPU
		{07658008-EB02-4C74-B798-0B8ED2BECA6D}.Release|Any CPU.ActiveCfg = Release|Any CPU
		{07658008-EB02-4C74-B798-0B8ED2BECA6D}.Release|Any CPU.Build.0 = Release|Any CPU
		{07658008-EB02-4C74-B798-0B8ED2BECA6D}.Release|ARM.ActiveCfg = Release|Any CPU
		{07658008-EB02-4C74-B798-0B8ED2BECA6D}.Release|iPhone.ActiveCfg = Release|Any CPU
		{07658008-EB02-4C74-B798-0B8ED2BECA6D}.Release|iPhoneSimulator.ActiveCfg = Release|Any CPU
		{07658008-EB02-4C74-B798-0B8ED2BECA6D}.Release|Mixed Platforms.ActiveCfg = Release|Any CPU
		{07658008-EB02-4C74-B798-0B8ED2BECA6D}.Release|Mixed Platforms.Build.0 = Release|Any CPU
		{07658008-EB02-4C74-B798-0B8ED2BECA6D}.Release|x86.ActiveCfg = Release|Any CPU
		{290F8977-F101-4BD8-8A29-19C78B4EBC23}.Ad-Hoc|Any CPU.ActiveCfg = Release|Any CPU
		{290F8977-F101-4BD8-8A29-19C78B4EBC23}.Ad-Hoc|Any CPU.Build.0 = Release|Any CPU
		{290F8977-F101-4BD8-8A29-19C78B4EBC23}.Ad-Hoc|ARM.ActiveCfg = Release|Any CPU
		{290F8977-F101-4BD8-8A29-19C78B4EBC23}.Ad-Hoc|iPhone.ActiveCfg = Release|Any CPU
		{290F8977-F101-4BD8-8A29-19C78B4EBC23}.Ad-Hoc|iPhoneSimulator.ActiveCfg = Release|Any CPU
		{290F8977-F101-4BD8-8A29-19C78B4EBC23}.Ad-Hoc|Mixed Platforms.ActiveCfg = Release|Any CPU
		{290F8977-F101-4BD8-8A29-19C78B4EBC23}.Ad-Hoc|Mixed Platforms.Build.0 = Release|Any CPU
		{290F8977-F101-4BD8-8A29-19C78B4EBC23}.Ad-Hoc|x86.ActiveCfg = Release|Any CPU
		{290F8977-F101-4BD8-8A29-19C78B4EBC23}.AppStore|Any CPU.ActiveCfg = Release|Any CPU
		{290F8977-F101-4BD8-8A29-19C78B4EBC23}.AppStore|Any CPU.Build.0 = Release|Any CPU
		{290F8977-F101-4BD8-8A29-19C78B4EBC23}.AppStore|ARM.ActiveCfg = Release|Any CPU
		{290F8977-F101-4BD8-8A29-19C78B4EBC23}.AppStore|iPhone.ActiveCfg = Release|Any CPU
		{290F8977-F101-4BD8-8A29-19C78B4EBC23}.AppStore|iPhoneSimulator.ActiveCfg = Release|Any CPU
		{290F8977-F101-4BD8-8A29-19C78B4EBC23}.AppStore|Mixed Platforms.ActiveCfg = Release|Any CPU
		{290F8977-F101-4BD8-8A29-19C78B4EBC23}.AppStore|Mixed Platforms.Build.0 = Release|Any CPU
		{290F8977-F101-4BD8-8A29-19C78B4EBC23}.AppStore|x86.ActiveCfg = Release|Any CPU
		{290F8977-F101-4BD8-8A29-19C78B4EBC23}.Debug|Any CPU.ActiveCfg = Debug|Any CPU
		{290F8977-F101-4BD8-8A29-19C78B4EBC23}.Debug|Any CPU.Build.0 = Debug|Any CPU
		{290F8977-F101-4BD8-8A29-19C78B4EBC23}.Debug|ARM.ActiveCfg = Debug|Any CPU
		{290F8977-F101-4BD8-8A29-19C78B4EBC23}.Debug|ARM.Build.0 = Debug|Any CPU
		{290F8977-F101-4BD8-8A29-19C78B4EBC23}.Debug|iPhone.ActiveCfg = Debug|Any CPU
		{290F8977-F101-4BD8-8A29-19C78B4EBC23}.Debug|iPhoneSimulator.ActiveCfg = Debug|Any CPU
		{290F8977-F101-4BD8-8A29-19C78B4EBC23}.Debug|Mixed Platforms.ActiveCfg = Debug|Any CPU
		{290F8977-F101-4BD8-8A29-19C78B4EBC23}.Debug|Mixed Platforms.Build.0 = Debug|Any CPU
		{290F8977-F101-4BD8-8A29-19C78B4EBC23}.Debug|x86.ActiveCfg = Debug|Any CPU
		{290F8977-F101-4BD8-8A29-19C78B4EBC23}.Release|Any CPU.ActiveCfg = Release|Any CPU
		{290F8977-F101-4BD8-8A29-19C78B4EBC23}.Release|Any CPU.Build.0 = Release|Any CPU
		{290F8977-F101-4BD8-8A29-19C78B4EBC23}.Release|ARM.ActiveCfg = Release|Any CPU
		{290F8977-F101-4BD8-8A29-19C78B4EBC23}.Release|iPhone.ActiveCfg = Release|Any CPU
		{290F8977-F101-4BD8-8A29-19C78B4EBC23}.Release|iPhoneSimulator.ActiveCfg = Release|Any CPU
		{290F8977-F101-4BD8-8A29-19C78B4EBC23}.Release|Mixed Platforms.ActiveCfg = Release|Any CPU
		{290F8977-F101-4BD8-8A29-19C78B4EBC23}.Release|Mixed Platforms.Build.0 = Release|Any CPU
		{290F8977-F101-4BD8-8A29-19C78B4EBC23}.Release|x86.ActiveCfg = Release|Any CPU
		{67F9D3A8-F71E-4428-913F-C37AE82CDB24}.Ad-Hoc|Any CPU.ActiveCfg = Release|Any CPU
		{67F9D3A8-F71E-4428-913F-C37AE82CDB24}.Ad-Hoc|Any CPU.Build.0 = Release|Any CPU
		{67F9D3A8-F71E-4428-913F-C37AE82CDB24}.Ad-Hoc|ARM.ActiveCfg = Release|Any CPU
		{67F9D3A8-F71E-4428-913F-C37AE82CDB24}.Ad-Hoc|iPhone.ActiveCfg = Release|Any CPU
		{67F9D3A8-F71E-4428-913F-C37AE82CDB24}.Ad-Hoc|iPhoneSimulator.ActiveCfg = Release|Any CPU
		{67F9D3A8-F71E-4428-913F-C37AE82CDB24}.Ad-Hoc|Mixed Platforms.ActiveCfg = Release|Any CPU
		{67F9D3A8-F71E-4428-913F-C37AE82CDB24}.Ad-Hoc|Mixed Platforms.Build.0 = Release|Any CPU
		{67F9D3A8-F71E-4428-913F-C37AE82CDB24}.Ad-Hoc|x86.ActiveCfg = Release|Any CPU
		{67F9D3A8-F71E-4428-913F-C37AE82CDB24}.AppStore|Any CPU.ActiveCfg = Release|Any CPU
		{67F9D3A8-F71E-4428-913F-C37AE82CDB24}.AppStore|Any CPU.Build.0 = Release|Any CPU
		{67F9D3A8-F71E-4428-913F-C37AE82CDB24}.AppStore|ARM.ActiveCfg = Release|Any CPU
		{67F9D3A8-F71E-4428-913F-C37AE82CDB24}.AppStore|iPhone.ActiveCfg = Release|Any CPU
		{67F9D3A8-F71E-4428-913F-C37AE82CDB24}.AppStore|iPhoneSimulator.ActiveCfg = Release|Any CPU
		{67F9D3A8-F71E-4428-913F-C37AE82CDB24}.AppStore|Mixed Platforms.ActiveCfg = Release|Any CPU
		{67F9D3A8-F71E-4428-913F-C37AE82CDB24}.AppStore|Mixed Platforms.Build.0 = Release|Any CPU
		{67F9D3A8-F71E-4428-913F-C37AE82CDB24}.AppStore|x86.ActiveCfg = Release|Any CPU
		{67F9D3A8-F71E-4428-913F-C37AE82CDB24}.Debug|Any CPU.ActiveCfg = Debug|Any CPU
		{67F9D3A8-F71E-4428-913F-C37AE82CDB24}.Debug|Any CPU.Build.0 = Debug|Any CPU
		{67F9D3A8-F71E-4428-913F-C37AE82CDB24}.Debug|ARM.ActiveCfg = Debug|Any CPU
		{67F9D3A8-F71E-4428-913F-C37AE82CDB24}.Debug|ARM.Build.0 = Debug|Any CPU
		{67F9D3A8-F71E-4428-913F-C37AE82CDB24}.Debug|iPhone.ActiveCfg = Debug|Any CPU
		{67F9D3A8-F71E-4428-913F-C37AE82CDB24}.Debug|iPhoneSimulator.ActiveCfg = Debug|Any CPU
		{67F9D3A8-F71E-4428-913F-C37AE82CDB24}.Debug|Mixed Platforms.ActiveCfg = Debug|Any CPU
		{67F9D3A8-F71E-4428-913F-C37AE82CDB24}.Debug|Mixed Platforms.Build.0 = Debug|Any CPU
		{67F9D3A8-F71E-4428-913F-C37AE82CDB24}.Debug|x86.ActiveCfg = Debug|Any CPU
		{67F9D3A8-F71E-4428-913F-C37AE82CDB24}.Release|Any CPU.ActiveCfg = Release|Any CPU
		{67F9D3A8-F71E-4428-913F-C37AE82CDB24}.Release|Any CPU.Build.0 = Release|Any CPU
		{67F9D3A8-F71E-4428-913F-C37AE82CDB24}.Release|ARM.ActiveCfg = Release|Any CPU
		{67F9D3A8-F71E-4428-913F-C37AE82CDB24}.Release|iPhone.ActiveCfg = Release|Any CPU
		{67F9D3A8-F71E-4428-913F-C37AE82CDB24}.Release|iPhoneSimulator.ActiveCfg = Release|Any CPU
		{67F9D3A8-F71E-4428-913F-C37AE82CDB24}.Release|Mixed Platforms.ActiveCfg = Release|Any CPU
		{67F9D3A8-F71E-4428-913F-C37AE82CDB24}.Release|Mixed Platforms.Build.0 = Release|Any CPU
		{67F9D3A8-F71E-4428-913F-C37AE82CDB24}.Release|x86.ActiveCfg = Release|Any CPU
		{732D3A68-83F1-4CC0-97CB-AB5095998D70}.Ad-Hoc|Any CPU.ActiveCfg = Release|Any CPU
		{732D3A68-83F1-4CC0-97CB-AB5095998D70}.Ad-Hoc|Any CPU.Build.0 = Release|Any CPU
		{732D3A68-83F1-4CC0-97CB-AB5095998D70}.Ad-Hoc|ARM.ActiveCfg = Release|ARM
		{732D3A68-83F1-4CC0-97CB-AB5095998D70}.Ad-Hoc|ARM.Build.0 = Release|ARM
		{732D3A68-83F1-4CC0-97CB-AB5095998D70}.Ad-Hoc|iPhone.ActiveCfg = Release|Any CPU
		{732D3A68-83F1-4CC0-97CB-AB5095998D70}.Ad-Hoc|iPhoneSimulator.ActiveCfg = Release|Any CPU
		{732D3A68-83F1-4CC0-97CB-AB5095998D70}.Ad-Hoc|Mixed Platforms.ActiveCfg = Release|x86
		{732D3A68-83F1-4CC0-97CB-AB5095998D70}.Ad-Hoc|Mixed Platforms.Build.0 = Release|x86
		{732D3A68-83F1-4CC0-97CB-AB5095998D70}.Ad-Hoc|x86.ActiveCfg = Release|x86
		{732D3A68-83F1-4CC0-97CB-AB5095998D70}.Ad-Hoc|x86.Build.0 = Release|x86
		{732D3A68-83F1-4CC0-97CB-AB5095998D70}.AppStore|Any CPU.ActiveCfg = Release|Any CPU
		{732D3A68-83F1-4CC0-97CB-AB5095998D70}.AppStore|Any CPU.Build.0 = Release|Any CPU
		{732D3A68-83F1-4CC0-97CB-AB5095998D70}.AppStore|ARM.ActiveCfg = Release|ARM
		{732D3A68-83F1-4CC0-97CB-AB5095998D70}.AppStore|ARM.Build.0 = Release|ARM
		{732D3A68-83F1-4CC0-97CB-AB5095998D70}.AppStore|iPhone.ActiveCfg = Release|Any CPU
		{732D3A68-83F1-4CC0-97CB-AB5095998D70}.AppStore|iPhoneSimulator.ActiveCfg = Release|Any CPU
		{732D3A68-83F1-4CC0-97CB-AB5095998D70}.AppStore|Mixed Platforms.ActiveCfg = Release|x86
		{732D3A68-83F1-4CC0-97CB-AB5095998D70}.AppStore|Mixed Platforms.Build.0 = Release|x86
		{732D3A68-83F1-4CC0-97CB-AB5095998D70}.AppStore|x86.ActiveCfg = Release|x86
		{732D3A68-83F1-4CC0-97CB-AB5095998D70}.AppStore|x86.Build.0 = Release|x86
		{732D3A68-83F1-4CC0-97CB-AB5095998D70}.Debug|Any CPU.ActiveCfg = Debug|Any CPU
		{732D3A68-83F1-4CC0-97CB-AB5095998D70}.Debug|Any CPU.Build.0 = Debug|Any CPU
		{732D3A68-83F1-4CC0-97CB-AB5095998D70}.Debug|ARM.ActiveCfg = Debug|Any CPU
		{732D3A68-83F1-4CC0-97CB-AB5095998D70}.Debug|ARM.Build.0 = Debug|Any CPU
		{732D3A68-83F1-4CC0-97CB-AB5095998D70}.Debug|iPhone.ActiveCfg = Debug|Any CPU
		{732D3A68-83F1-4CC0-97CB-AB5095998D70}.Debug|iPhoneSimulator.ActiveCfg = Debug|Any CPU
		{732D3A68-83F1-4CC0-97CB-AB5095998D70}.Debug|Mixed Platforms.ActiveCfg = Debug|Any CPU
		{732D3A68-83F1-4CC0-97CB-AB5095998D70}.Debug|Mixed Platforms.Build.0 = Debug|Any CPU
		{732D3A68-83F1-4CC0-97CB-AB5095998D70}.Debug|x86.ActiveCfg = Debug|x86
		{732D3A68-83F1-4CC0-97CB-AB5095998D70}.Debug|x86.Build.0 = Debug|x86
		{732D3A68-83F1-4CC0-97CB-AB5095998D70}.Release|Any CPU.ActiveCfg = Release|Any CPU
		{732D3A68-83F1-4CC0-97CB-AB5095998D70}.Release|Any CPU.Build.0 = Release|Any CPU
		{732D3A68-83F1-4CC0-97CB-AB5095998D70}.Release|ARM.ActiveCfg = Release|ARM
		{732D3A68-83F1-4CC0-97CB-AB5095998D70}.Release|ARM.Build.0 = Release|ARM
		{732D3A68-83F1-4CC0-97CB-AB5095998D70}.Release|iPhone.ActiveCfg = Release|Any CPU
		{732D3A68-83F1-4CC0-97CB-AB5095998D70}.Release|iPhoneSimulator.ActiveCfg = Release|Any CPU
		{732D3A68-83F1-4CC0-97CB-AB5095998D70}.Release|Mixed Platforms.ActiveCfg = Release|x86
		{732D3A68-83F1-4CC0-97CB-AB5095998D70}.Release|Mixed Platforms.Build.0 = Release|x86
		{732D3A68-83F1-4CC0-97CB-AB5095998D70}.Release|x86.ActiveCfg = Release|x86
		{732D3A68-83F1-4CC0-97CB-AB5095998D70}.Release|x86.Build.0 = Release|x86
		{85E3C63B-A17E-46EF-87CE-9A8E58FEDE4D}.Ad-Hoc|Any CPU.ActiveCfg = Release|Any CPU
		{85E3C63B-A17E-46EF-87CE-9A8E58FEDE4D}.Ad-Hoc|Any CPU.Build.0 = Release|Any CPU
		{85E3C63B-A17E-46EF-87CE-9A8E58FEDE4D}.Ad-Hoc|ARM.ActiveCfg = Release|Any CPU
		{85E3C63B-A17E-46EF-87CE-9A8E58FEDE4D}.Ad-Hoc|iPhone.ActiveCfg = Release|Any CPU
		{85E3C63B-A17E-46EF-87CE-9A8E58FEDE4D}.Ad-Hoc|iPhoneSimulator.ActiveCfg = Release|Any CPU
		{85E3C63B-A17E-46EF-87CE-9A8E58FEDE4D}.Ad-Hoc|Mixed Platforms.ActiveCfg = Release|Any CPU
		{85E3C63B-A17E-46EF-87CE-9A8E58FEDE4D}.Ad-Hoc|Mixed Platforms.Build.0 = Release|Any CPU
		{85E3C63B-A17E-46EF-87CE-9A8E58FEDE4D}.Ad-Hoc|x86.ActiveCfg = Release|Any CPU
		{85E3C63B-A17E-46EF-87CE-9A8E58FEDE4D}.AppStore|Any CPU.ActiveCfg = Release|Any CPU
		{85E3C63B-A17E-46EF-87CE-9A8E58FEDE4D}.AppStore|Any CPU.Build.0 = Release|Any CPU
		{85E3C63B-A17E-46EF-87CE-9A8E58FEDE4D}.AppStore|ARM.ActiveCfg = Release|Any CPU
		{85E3C63B-A17E-46EF-87CE-9A8E58FEDE4D}.AppStore|iPhone.ActiveCfg = Release|Any CPU
		{85E3C63B-A17E-46EF-87CE-9A8E58FEDE4D}.AppStore|iPhoneSimulator.ActiveCfg = Release|Any CPU
		{85E3C63B-A17E-46EF-87CE-9A8E58FEDE4D}.AppStore|Mixed Platforms.ActiveCfg = Release|Any CPU
		{85E3C63B-A17E-46EF-87CE-9A8E58FEDE4D}.AppStore|Mixed Platforms.Build.0 = Release|Any CPU
		{85E3C63B-A17E-46EF-87CE-9A8E58FEDE4D}.AppStore|x86.ActiveCfg = Release|Any CPU
		{85E3C63B-A17E-46EF-87CE-9A8E58FEDE4D}.Debug|Any CPU.ActiveCfg = Debug|Any CPU
		{85E3C63B-A17E-46EF-87CE-9A8E58FEDE4D}.Debug|Any CPU.Build.0 = Debug|Any CPU
		{85E3C63B-A17E-46EF-87CE-9A8E58FEDE4D}.Debug|ARM.ActiveCfg = Debug|Any CPU
		{85E3C63B-A17E-46EF-87CE-9A8E58FEDE4D}.Debug|ARM.Build.0 = Debug|Any CPU
		{85E3C63B-A17E-46EF-87CE-9A8E58FEDE4D}.Debug|iPhone.ActiveCfg = Debug|Any CPU
		{85E3C63B-A17E-46EF-87CE-9A8E58FEDE4D}.Debug|iPhoneSimulator.ActiveCfg = Debug|Any CPU
		{85E3C63B-A17E-46EF-87CE-9A8E58FEDE4D}.Debug|Mixed Platforms.ActiveCfg = Debug|Any CPU
		{85E3C63B-A17E-46EF-87CE-9A8E58FEDE4D}.Debug|Mixed Platforms.Build.0 = Debug|Any CPU
		{85E3C63B-A17E-46EF-87CE-9A8E58FEDE4D}.Debug|x86.ActiveCfg = Debug|Any CPU
		{85E3C63B-A17E-46EF-87CE-9A8E58FEDE4D}.Release|Any CPU.ActiveCfg = Release|Any CPU
		{85E3C63B-A17E-46EF-87CE-9A8E58FEDE4D}.Release|Any CPU.Build.0 = Release|Any CPU
		{85E3C63B-A17E-46EF-87CE-9A8E58FEDE4D}.Release|ARM.ActiveCfg = Release|Any CPU
		{85E3C63B-A17E-46EF-87CE-9A8E58FEDE4D}.Release|iPhone.ActiveCfg = Release|Any CPU
		{85E3C63B-A17E-46EF-87CE-9A8E58FEDE4D}.Release|iPhoneSimulator.ActiveCfg = Release|Any CPU
		{85E3C63B-A17E-46EF-87CE-9A8E58FEDE4D}.Release|Mixed Platforms.ActiveCfg = Release|Any CPU
		{85E3C63B-A17E-46EF-87CE-9A8E58FEDE4D}.Release|Mixed Platforms.Build.0 = Release|Any CPU
		{85E3C63B-A17E-46EF-87CE-9A8E58FEDE4D}.Release|x86.ActiveCfg = Release|Any CPU
		{A2908B9C-D5D0-4715-851D-3EB81AB2E452}.Ad-Hoc|Any CPU.ActiveCfg = Release|Any CPU
		{A2908B9C-D5D0-4715-851D-3EB81AB2E452}.Ad-Hoc|Any CPU.Build.0 = Release|Any CPU
		{A2908B9C-D5D0-4715-851D-3EB81AB2E452}.Ad-Hoc|ARM.ActiveCfg = Release|Any CPU
		{A2908B9C-D5D0-4715-851D-3EB81AB2E452}.Ad-Hoc|iPhone.ActiveCfg = Release|Any CPU
		{A2908B9C-D5D0-4715-851D-3EB81AB2E452}.Ad-Hoc|iPhoneSimulator.ActiveCfg = Release|Any CPU
		{A2908B9C-D5D0-4715-851D-3EB81AB2E452}.Ad-Hoc|Mixed Platforms.ActiveCfg = Release|Any CPU
		{A2908B9C-D5D0-4715-851D-3EB81AB2E452}.Ad-Hoc|Mixed Platforms.Build.0 = Release|Any CPU
		{A2908B9C-D5D0-4715-851D-3EB81AB2E452}.Ad-Hoc|x86.ActiveCfg = Release|Any CPU
		{A2908B9C-D5D0-4715-851D-3EB81AB2E452}.AppStore|Any CPU.ActiveCfg = Release|Any CPU
		{A2908B9C-D5D0-4715-851D-3EB81AB2E452}.AppStore|Any CPU.Build.0 = Release|Any CPU
		{A2908B9C-D5D0-4715-851D-3EB81AB2E452}.AppStore|ARM.ActiveCfg = Release|Any CPU
		{A2908B9C-D5D0-4715-851D-3EB81AB2E452}.AppStore|iPhone.ActiveCfg = Release|Any CPU
		{A2908B9C-D5D0-4715-851D-3EB81AB2E452}.AppStore|iPhoneSimulator.ActiveCfg = Release|Any CPU
		{A2908B9C-D5D0-4715-851D-3EB81AB2E452}.AppStore|Mixed Platforms.ActiveCfg = Release|Any CPU
		{A2908B9C-D5D0-4715-851D-3EB81AB2E452}.AppStore|Mixed Platforms.Build.0 = Release|Any CPU
		{A2908B9C-D5D0-4715-851D-3EB81AB2E452}.AppStore|x86.ActiveCfg = Release|Any CPU
		{A2908B9C-D5D0-4715-851D-3EB81AB2E452}.Debug|Any CPU.ActiveCfg = Debug|Any CPU
		{A2908B9C-D5D0-4715-851D-3EB81AB2E452}.Debug|Any CPU.Build.0 = Debug|Any CPU
		{A2908B9C-D5D0-4715-851D-3EB81AB2E452}.Debug|ARM.ActiveCfg = Debug|Any CPU
		{A2908B9C-D5D0-4715-851D-3EB81AB2E452}.Debug|ARM.Build.0 = Debug|Any CPU
		{A2908B9C-D5D0-4715-851D-3EB81AB2E452}.Debug|iPhone.ActiveCfg = Debug|Any CPU
		{A2908B9C-D5D0-4715-851D-3EB81AB2E452}.Debug|iPhoneSimulator.ActiveCfg = Debug|Any CPU
		{A2908B9C-D5D0-4715-851D-3EB81AB2E452}.Debug|Mixed Platforms.ActiveCfg = Debug|Any CPU
		{A2908B9C-D5D0-4715-851D-3EB81AB2E452}.Debug|Mixed Platforms.Build.0 = Debug|Any CPU
		{A2908B9C-D5D0-4715-851D-3EB81AB2E452}.Debug|x86.ActiveCfg = Debug|Any CPU
		{A2908B9C-D5D0-4715-851D-3EB81AB2E452}.Release|Any CPU.ActiveCfg = Release|Any CPU
		{A2908B9C-D5D0-4715-851D-3EB81AB2E452}.Release|Any CPU.Build.0 = Release|Any CPU
		{A2908B9C-D5D0-4715-851D-3EB81AB2E452}.Release|ARM.ActiveCfg = Release|Any CPU
		{A2908B9C-D5D0-4715-851D-3EB81AB2E452}.Release|iPhone.ActiveCfg = Release|Any CPU
		{A2908B9C-D5D0-4715-851D-3EB81AB2E452}.Release|iPhoneSimulator.ActiveCfg = Release|Any CPU
		{A2908B9C-D5D0-4715-851D-3EB81AB2E452}.Release|Mixed Platforms.ActiveCfg = Release|Any CPU
		{A2908B9C-D5D0-4715-851D-3EB81AB2E452}.Release|Mixed Platforms.Build.0 = Release|Any CPU
		{A2908B9C-D5D0-4715-851D-3EB81AB2E452}.Release|x86.ActiveCfg = Release|Any CPU
		{D7098843-29D9-4AA9-9B11-C2D938E1AE89}.Ad-Hoc|Any CPU.ActiveCfg = Release|Any CPU
		{D7098843-29D9-4AA9-9B11-C2D938E1AE89}.Ad-Hoc|Any CPU.Build.0 = Release|Any CPU
		{D7098843-29D9-4AA9-9B11-C2D938E1AE89}.Ad-Hoc|ARM.ActiveCfg = Release|ARM
		{D7098843-29D9-4AA9-9B11-C2D938E1AE89}.Ad-Hoc|ARM.Build.0 = Release|ARM
		{D7098843-29D9-4AA9-9B11-C2D938E1AE89}.Ad-Hoc|iPhone.ActiveCfg = Release|Any CPU
		{D7098843-29D9-4AA9-9B11-C2D938E1AE89}.Ad-Hoc|iPhoneSimulator.ActiveCfg = Release|Any CPU
		{D7098843-29D9-4AA9-9B11-C2D938E1AE89}.Ad-Hoc|Mixed Platforms.ActiveCfg = Release|x86
		{D7098843-29D9-4AA9-9B11-C2D938E1AE89}.Ad-Hoc|Mixed Platforms.Build.0 = Release|x86
		{D7098843-29D9-4AA9-9B11-C2D938E1AE89}.Ad-Hoc|x86.ActiveCfg = Release|x86
		{D7098843-29D9-4AA9-9B11-C2D938E1AE89}.Ad-Hoc|x86.Build.0 = Release|x86
		{D7098843-29D9-4AA9-9B11-C2D938E1AE89}.AppStore|Any CPU.ActiveCfg = Release|Any CPU
		{D7098843-29D9-4AA9-9B11-C2D938E1AE89}.AppStore|Any CPU.Build.0 = Release|Any CPU
		{D7098843-29D9-4AA9-9B11-C2D938E1AE89}.AppStore|ARM.ActiveCfg = Release|ARM
		{D7098843-29D9-4AA9-9B11-C2D938E1AE89}.AppStore|ARM.Build.0 = Release|ARM
		{D7098843-29D9-4AA9-9B11-C2D938E1AE89}.AppStore|iPhone.ActiveCfg = Release|Any CPU
		{D7098843-29D9-4AA9-9B11-C2D938E1AE89}.AppStore|iPhoneSimulator.ActiveCfg = Release|Any CPU
		{D7098843-29D9-4AA9-9B11-C2D938E1AE89}.AppStore|Mixed Platforms.ActiveCfg = Release|x86
		{D7098843-29D9-4AA9-9B11-C2D938E1AE89}.AppStore|Mixed Platforms.Build.0 = Release|x86
		{D7098843-29D9-4AA9-9B11-C2D938E1AE89}.AppStore|x86.ActiveCfg = Release|x86
		{D7098843-29D9-4AA9-9B11-C2D938E1AE89}.AppStore|x86.Build.0 = Release|x86
		{D7098843-29D9-4AA9-9B11-C2D938E1AE89}.Debug|Any CPU.ActiveCfg = Debug|Any CPU
		{D7098843-29D9-4AA9-9B11-C2D938E1AE89}.Debug|Any CPU.Build.0 = Debug|Any CPU
		{D7098843-29D9-4AA9-9B11-C2D938E1AE89}.Debug|ARM.ActiveCfg = Debug|Any CPU
		{D7098843-29D9-4AA9-9B11-C2D938E1AE89}.Debug|ARM.Build.0 = Debug|Any CPU
		{D7098843-29D9-4AA9-9B11-C2D938E1AE89}.Debug|iPhone.ActiveCfg = Debug|Any CPU
		{D7098843-29D9-4AA9-9B11-C2D938E1AE89}.Debug|iPhoneSimulator.ActiveCfg = Debug|Any CPU
		{D7098843-29D9-4AA9-9B11-C2D938E1AE89}.Debug|Mixed Platforms.ActiveCfg = Debug|Any CPU
		{D7098843-29D9-4AA9-9B11-C2D938E1AE89}.Debug|Mixed Platforms.Build.0 = Debug|Any CPU
		{D7098843-29D9-4AA9-9B11-C2D938E1AE89}.Debug|x86.ActiveCfg = Debug|x86
		{D7098843-29D9-4AA9-9B11-C2D938E1AE89}.Debug|x86.Build.0 = Debug|x86
		{D7098843-29D9-4AA9-9B11-C2D938E1AE89}.Release|Any CPU.ActiveCfg = Release|Any CPU
		{D7098843-29D9-4AA9-9B11-C2D938E1AE89}.Release|Any CPU.Build.0 = Release|Any CPU
		{D7098843-29D9-4AA9-9B11-C2D938E1AE89}.Release|ARM.ActiveCfg = Release|ARM
		{D7098843-29D9-4AA9-9B11-C2D938E1AE89}.Release|ARM.Build.0 = Release|ARM
		{D7098843-29D9-4AA9-9B11-C2D938E1AE89}.Release|iPhone.ActiveCfg = Release|Any CPU
		{D7098843-29D9-4AA9-9B11-C2D938E1AE89}.Release|iPhoneSimulator.ActiveCfg = Release|Any CPU
		{D7098843-29D9-4AA9-9B11-C2D938E1AE89}.Release|Mixed Platforms.ActiveCfg = Release|x86
		{D7098843-29D9-4AA9-9B11-C2D938E1AE89}.Release|Mixed Platforms.Build.0 = Release|x86
		{D7098843-29D9-4AA9-9B11-C2D938E1AE89}.Release|x86.ActiveCfg = Release|x86
		{D7098843-29D9-4AA9-9B11-C2D938E1AE89}.Release|x86.Build.0 = Release|x86
		{F68A14AB-0965-4582-9399-F22F5C4CEB15}.Ad-Hoc|Any CPU.ActiveCfg = Release|Any CPU
		{F68A14AB-0965-4582-9399-F22F5C4CEB15}.Ad-Hoc|Any CPU.Build.0 = Release|Any CPU
		{F68A14AB-0965-4582-9399-F22F5C4CEB15}.Ad-Hoc|ARM.ActiveCfg = Release|Any CPU
		{F68A14AB-0965-4582-9399-F22F5C4CEB15}.Ad-Hoc|iPhone.ActiveCfg = Release|Any CPU
		{F68A14AB-0965-4582-9399-F22F5C4CEB15}.Ad-Hoc|iPhoneSimulator.ActiveCfg = Release|Any CPU
		{F68A14AB-0965-4582-9399-F22F5C4CEB15}.Ad-Hoc|Mixed Platforms.ActiveCfg = Release|Any CPU
		{F68A14AB-0965-4582-9399-F22F5C4CEB15}.Ad-Hoc|Mixed Platforms.Build.0 = Release|Any CPU
		{F68A14AB-0965-4582-9399-F22F5C4CEB15}.Ad-Hoc|x86.ActiveCfg = Release|Any CPU
		{F68A14AB-0965-4582-9399-F22F5C4CEB15}.AppStore|Any CPU.ActiveCfg = Release|Any CPU
		{F68A14AB-0965-4582-9399-F22F5C4CEB15}.AppStore|Any CPU.Build.0 = Release|Any CPU
		{F68A14AB-0965-4582-9399-F22F5C4CEB15}.AppStore|ARM.ActiveCfg = Release|Any CPU
		{F68A14AB-0965-4582-9399-F22F5C4CEB15}.AppStore|iPhone.ActiveCfg = Release|Any CPU
		{F68A14AB-0965-4582-9399-F22F5C4CEB15}.AppStore|iPhoneSimulator.ActiveCfg = Release|Any CPU
		{F68A14AB-0965-4582-9399-F22F5C4CEB15}.AppStore|Mixed Platforms.ActiveCfg = Release|Any CPU
		{F68A14AB-0965-4582-9399-F22F5C4CEB15}.AppStore|Mixed Platforms.Build.0 = Release|Any CPU
		{F68A14AB-0965-4582-9399-F22F5C4CEB15}.AppStore|x86.ActiveCfg = Release|Any CPU
		{F68A14AB-0965-4582-9399-F22F5C4CEB15}.Debug|Any CPU.ActiveCfg = Debug|Any CPU
		{F68A14AB-0965-4582-9399-F22F5C4CEB15}.Debug|Any CPU.Build.0 = Debug|Any CPU
		{F68A14AB-0965-4582-9399-F22F5C4CEB15}.Debug|ARM.ActiveCfg = Debug|Any CPU
		{F68A14AB-0965-4582-9399-F22F5C4CEB15}.Debug|ARM.Build.0 = Debug|Any CPU
		{F68A14AB-0965-4582-9399-F22F5C4CEB15}.Debug|iPhone.ActiveCfg = Debug|Any CPU
		{F68A14AB-0965-4582-9399-F22F5C4CEB15}.Debug|iPhoneSimulator.ActiveCfg = Debug|Any CPU
		{F68A14AB-0965-4582-9399-F22F5C4CEB15}.Debug|Mixed Platforms.ActiveCfg = Debug|Any CPU
		{F68A14AB-0965-4582-9399-F22F5C4CEB15}.Debug|Mixed Platforms.Build.0 = Debug|Any CPU
		{F68A14AB-0965-4582-9399-F22F5C4CEB15}.Debug|x86.ActiveCfg = Debug|Any CPU
		{F68A14AB-0965-4582-9399-F22F5C4CEB15}.Release|Any CPU.ActiveCfg = Release|Any CPU
		{F68A14AB-0965-4582-9399-F22F5C4CEB15}.Release|Any CPU.Build.0 = Release|Any CPU
		{F68A14AB-0965-4582-9399-F22F5C4CEB15}.Release|ARM.ActiveCfg = Release|Any CPU
		{F68A14AB-0965-4582-9399-F22F5C4CEB15}.Release|iPhone.ActiveCfg = Release|Any CPU
		{F68A14AB-0965-4582-9399-F22F5C4CEB15}.Release|iPhoneSimulator.ActiveCfg = Release|Any CPU
		{F68A14AB-0965-4582-9399-F22F5C4CEB15}.Release|Mixed Platforms.ActiveCfg = Release|Any CPU
		{F68A14AB-0965-4582-9399-F22F5C4CEB15}.Release|Mixed Platforms.Build.0 = Release|Any CPU
		{F68A14AB-0965-4582-9399-F22F5C4CEB15}.Release|x86.ActiveCfg = Release|Any CPU
		{FB69B463-0DD5-49D2-AFED-6E3A31EB37A1}.Ad-Hoc|Any CPU.ActiveCfg = Release|Any CPU
		{FB69B463-0DD5-49D2-AFED-6E3A31EB37A1}.Ad-Hoc|Any CPU.Build.0 = Release|Any CPU
		{FB69B463-0DD5-49D2-AFED-6E3A31EB37A1}.Ad-Hoc|ARM.ActiveCfg = Release|Any CPU
		{FB69B463-0DD5-49D2-AFED-6E3A31EB37A1}.Ad-Hoc|iPhone.ActiveCfg = Release|Any CPU
		{FB69B463-0DD5-49D2-AFED-6E3A31EB37A1}.Ad-Hoc|iPhoneSimulator.ActiveCfg = Release|Any CPU
		{FB69B463-0DD5-49D2-AFED-6E3A31EB37A1}.Ad-Hoc|Mixed Platforms.ActiveCfg = Release|Any CPU
		{FB69B463-0DD5-49D2-AFED-6E3A31EB37A1}.Ad-Hoc|Mixed Platforms.Build.0 = Release|Any CPU
		{FB69B463-0DD5-49D2-AFED-6E3A31EB37A1}.Ad-Hoc|x86.ActiveCfg = Release|Any CPU
		{FB69B463-0DD5-49D2-AFED-6E3A31EB37A1}.AppStore|Any CPU.ActiveCfg = Release|Any CPU
		{FB69B463-0DD5-49D2-AFED-6E3A31EB37A1}.AppStore|Any CPU.Build.0 = Release|Any CPU
		{FB69B463-0DD5-49D2-AFED-6E3A31EB37A1}.AppStore|ARM.ActiveCfg = Release|Any CPU
		{FB69B463-0DD5-49D2-AFED-6E3A31EB37A1}.AppStore|iPhone.ActiveCfg = Release|Any CPU
		{FB69B463-0DD5-49D2-AFED-6E3A31EB37A1}.AppStore|iPhoneSimulator.ActiveCfg = Release|Any CPU
		{FB69B463-0DD5-49D2-AFED-6E3A31EB37A1}.AppStore|Mixed Platforms.ActiveCfg = Release|Any CPU
		{FB69B463-0DD5-49D2-AFED-6E3A31EB37A1}.AppStore|Mixed Platforms.Build.0 = Release|Any CPU
		{FB69B463-0DD5-49D2-AFED-6E3A31EB37A1}.AppStore|x86.ActiveCfg = Release|Any CPU
		{FB69B463-0DD5-49D2-AFED-6E3A31EB37A1}.Debug|Any CPU.ActiveCfg = Debug|Any CPU
		{FB69B463-0DD5-49D2-AFED-6E3A31EB37A1}.Debug|Any CPU.Build.0 = Debug|Any CPU
		{FB69B463-0DD5-49D2-AFED-6E3A31EB37A1}.Debug|ARM.ActiveCfg = Debug|Any CPU
		{FB69B463-0DD5-49D2-AFED-6E3A31EB37A1}.Debug|ARM.Build.0 = Debug|Any CPU
		{FB69B463-0DD5-49D2-AFED-6E3A31EB37A1}.Debug|iPhone.ActiveCfg = Debug|Any CPU
		{FB69B463-0DD5-49D2-AFED-6E3A31EB37A1}.Debug|iPhoneSimulator.ActiveCfg = Debug|Any CPU
		{FB69B463-0DD5-49D2-AFED-6E3A31EB37A1}.Debug|Mixed Platforms.ActiveCfg = Debug|Any CPU
		{FB69B463-0DD5-49D2-AFED-6E3A31EB37A1}.Debug|Mixed Platforms.Build.0 = Debug|Any CPU
		{FB69B463-0DD5-49D2-AFED-6E3A31EB37A1}.Debug|x86.ActiveCfg = Debug|Any CPU
		{FB69B463-0DD5-49D2-AFED-6E3A31EB37A1}.Release|Any CPU.ActiveCfg = Release|Any CPU
		{FB69B463-0DD5-49D2-AFED-6E3A31EB37A1}.Release|Any CPU.Build.0 = Release|Any CPU
		{FB69B463-0DD5-49D2-AFED-6E3A31EB37A1}.Release|ARM.ActiveCfg = Release|Any CPU
		{FB69B463-0DD5-49D2-AFED-6E3A31EB37A1}.Release|iPhone.ActiveCfg = Release|Any CPU
		{FB69B463-0DD5-49D2-AFED-6E3A31EB37A1}.Release|iPhoneSimulator.ActiveCfg = Release|Any CPU
		{FB69B463-0DD5-49D2-AFED-6E3A31EB37A1}.Release|Mixed Platforms.ActiveCfg = Release|Any CPU
		{FB69B463-0DD5-49D2-AFED-6E3A31EB37A1}.Release|Mixed Platforms.Build.0 = Release|Any CPU
		{FB69B463-0DD5-49D2-AFED-6E3A31EB37A1}.Release|x86.ActiveCfg = Release|Any CPU
	EndGlobalSection
	GlobalSection(NestedProjects) = preSolution
		{4E641FA5-48D3-44C3-8EBF-6161FBFB784B} = {E950E9B4-0546-4D84-A7CC-F17474D230CC}
		{FB69B463-0DD5-49D2-AFED-6E3A31EB37A1} = {402AAF82-296F-4C93-8662-F3BB5185AB91}
		{F68A14AB-0965-4582-9399-F22F5C4CEB15} = {402AAF82-296F-4C93-8662-F3BB5185AB91}
		{290F8977-F101-4BD8-8A29-19C78B4EBC23} = {402AAF82-296F-4C93-8662-F3BB5185AB91}
		{732D3A68-83F1-4CC0-97CB-AB5095998D70} = {402AAF82-296F-4C93-8662-F3BB5185AB91}
		{67F9D3A8-F71E-4428-913F-C37AE82CDB24} = {98DD5441-283D-4D48-AFD1-0522524F20C7}
		{D7098843-29D9-4AA9-9B11-C2D938E1AE89} = {98DD5441-283D-4D48-AFD1-0522524F20C7}
		{A2908B9C-D5D0-4715-851D-3EB81AB2E452} = {98DD5441-283D-4D48-AFD1-0522524F20C7}
		{07658008-EB02-4C74-B798-0B8ED2BECA6D} = {98DD5441-283D-4D48-AFD1-0522524F20C7}
		{1C973CC4-86F0-4798-B128-55FAE3AAD9E5} = {98DD5441-283D-4D48-AFD1-0522524F20C7}
		{85E3C63B-A17E-46EF-87CE-9A8E58FEDE4D} = {7AF68AE5-21E1-4618-BEF5-719BD52768F4}
	EndGlobalSection
	GlobalSection(SharedMSBuildProjectFiles) = preSolution
		Shared Utils\Shared Utils.projitems*{290f8977-f101-4bd8-8a29-19c78b4ebc23}*SharedItemsImports = 4
		Acr.XamForms.Mobile.Shared\Acr.XamForms.Mobile.Shared.projitems*{1c973cc4-86f0-4798-b128-55fae3aad9e5}*SharedItemsImports = 13
		Acr.XamForms.Mobile.Shared\Acr.XamForms.Mobile.Shared.projitems*{07658008-eb02-4c74-b798-0b8ed2beca6d}*SharedItemsImports = 4
		Shared Utils\Shared Utils.projitems*{b12d20aa-0edf-4903-b385-bb8090848532}*SharedItemsImports = 4
		Shared Utils\Shared Utils.projitems*{f68a14ab-0965-4582-9399-f22f5c4ceb15}*SharedItemsImports = 4
		Acr.XamForms.Mobile.Shared\Acr.XamForms.Mobile.Shared.projitems*{d7098843-29d9-4aa9-9b11-c2d938e1ae89}*SharedItemsImports = 4
		Acr.XamForms.Mobile.Shared\Acr.XamForms.Mobile.Shared.projitems*{a2908b9c-d5d0-4715-851d-3eb81ab2e452}*SharedItemsImports = 4
		Shared Utils\Shared Utils.projitems*{a2908b9c-d5d0-4715-851d-3eb81ab2e452}*SharedItemsImports = 4
		Shared Utils\Shared Utils.projitems*{4e641fa5-48d3-44c3-8ebf-6161fbfb784b}*SharedItemsImports = 13
	EndGlobalSection
	GlobalSection(SolutionProperties) = preSolution
		HideSolutionNode = FALSE
	EndGlobalSection
EndGlobal
